// !$*UTF8*$!
{
	archiveVersion = 1;
	classes = {
	};
	objectVersion = 51;
	objects = {

/* Begin PBXBuildFile section */
		3C4CD542180ADF5801369FAD /* Pods_currenc_io.framework in Frameworks */ = {isa = PBXBuildFile; fileRef = 23286FB123002FA6A2D5EDA1 /* Pods_currenc_io.framework */; };
		843AF0A124598C0000B60F63 /* Icons.xcassets in Resources */ = {isa = PBXBuildFile; fileRef = 843AF0A024598C0000B60F63 /* Icons.xcassets */; };
		843AF0A8245B01C600B60F63 /* Double+DecimalValue.swift in Sources */ = {isa = PBXBuildFile; fileRef = 843AF0A7245B01C600B60F63 /* Double+DecimalValue.swift */; };
		847296AB24487F6F00D8F910 /* CandlestickDataModel.swift in Sources */ = {isa = PBXBuildFile; fileRef = 847296AA24487F6F00D8F910 /* CandlestickDataModel.swift */; };
		847296AE2448992000D8F910 /* CPTScatterPlot+Subscriber.swift in Sources */ = {isa = PBXBuildFile; fileRef = 847296AD2448992000D8F910 /* CPTScatterPlot+Subscriber.swift */; };
		848DF5442440AF6E00444927 /* TimeframeButtonCollectionViewCell.swift in Sources */ = {isa = PBXBuildFile; fileRef = 848DF5432440AF6E00444927 /* TimeframeButtonCollectionViewCell.swift */; };
		849896D724648B7200128783 /* String+LocalizedError.swift in Sources */ = {isa = PBXBuildFile; fileRef = 849896D624648B7200128783 /* String+LocalizedError.swift */; };
		84A6B48C2464710200441F9F /* AxisAdjustManager.swift in Sources */ = {isa = PBXBuildFile; fileRef = 84A6B48B2464710200441F9F /* AxisAdjustManager.swift */; };
		84AA856824770606000474DF /* Divideable.swift in Sources */ = {isa = PBXBuildFile; fileRef = 84AA856724770606000474DF /* Divideable.swift */; };
		84AA856A24770A63000474DF /* AxisValue.swift in Sources */ = {isa = PBXBuildFile; fileRef = 84AA856924770A63000474DF /* AxisValue.swift */; };
		84BEDA2A24473F240030570A /* CurrencyRateViewModel.swift in Sources */ = {isa = PBXBuildFile; fileRef = 84BEDA2924473F240030570A /* CurrencyRateViewModel.swift */; };
		84C23B3A2443674000C099B1 /* CurrencyInfoTableViewCell.swift in Sources */ = {isa = PBXBuildFile; fileRef = 84C23B392443674000C099B1 /* CurrencyInfoTableViewCell.swift */; };
		84D1A5462435F7A8000C0B02 /* AppDelegate.swift in Sources */ = {isa = PBXBuildFile; fileRef = 84D1A5452435F7A8000C0B02 /* AppDelegate.swift */; };
		84D1A5482435F7A8000C0B02 /* SceneDelegate.swift in Sources */ = {isa = PBXBuildFile; fileRef = 84D1A5472435F7A8000C0B02 /* SceneDelegate.swift */; };
		84D1A54F2435F7B1000C0B02 /* Assets.xcassets in Resources */ = {isa = PBXBuildFile; fileRef = 84D1A54E2435F7B1000C0B02 /* Assets.xcassets */; };
		84D1A5522435F7B1000C0B02 /* LaunchScreen.storyboard in Resources */ = {isa = PBXBuildFile; fileRef = 84D1A5502435F7B1000C0B02 /* LaunchScreen.storyboard */; };
		84D1A56C243610AD000C0B02 /* CurrencyRateViewController.swift in Sources */ = {isa = PBXBuildFile; fileRef = 84D1A56B243610AD000C0B02 /* CurrencyRateViewController.swift */; };
		84EF2CBB245056400076B634 /* TimeframeOptionProtocol.swift in Sources */ = {isa = PBXBuildFile; fileRef = 84EF2CBA245056400076B634 /* TimeframeOptionProtocol.swift */; };
		84EF2CBF245072CA0076B634 /* CurrencyDataDownloader.swift in Sources */ = {isa = PBXBuildFile; fileRef = 84EF2CBE245072CA0076B634 /* CurrencyDataDownloader.swift */; };
		84F9877424374D05008A603D /* CurrencyRateCollectionViewCell.swift in Sources */ = {isa = PBXBuildFile; fileRef = 84F9877324374D05008A603D /* CurrencyRateCollectionViewCell.swift */; };
		84F9877724375116008A603D /* Setuppable.swift in Sources */ = {isa = PBXBuildFile; fileRef = 84F9877624375116008A603D /* Setuppable.swift */; };
		84F9877B24378610008A603D /* UIColor+HexInit.swift in Sources */ = {isa = PBXBuildFile; fileRef = 84F9877A24378610008A603D /* UIColor+HexInit.swift */; };
/* End PBXBuildFile section */

/* Begin PBXFileReference section */
		23286FB123002FA6A2D5EDA1 /* Pods_currenc_io.framework */ = {isa = PBXFileReference; explicitFileType = wrapper.framework; includeInIndex = 0; path = Pods_currenc_io.framework; sourceTree = BUILT_PRODUCTS_DIR; };
		843AF0A024598C0000B60F63 /* Icons.xcassets */ = {isa = PBXFileReference; lastKnownFileType = folder.assetcatalog; path = Icons.xcassets; sourceTree = "<group>"; };
		843AF0A7245B01C600B60F63 /* Double+DecimalValue.swift */ = {isa = PBXFileReference; lastKnownFileType = sourcecode.swift; path = "Double+DecimalValue.swift"; sourceTree = "<group>"; };
		847296AA24487F6F00D8F910 /* CandlestickDataModel.swift */ = {isa = PBXFileReference; lastKnownFileType = sourcecode.swift; path = CandlestickDataModel.swift; sourceTree = "<group>"; };
		847296AD2448992000D8F910 /* CPTScatterPlot+Subscriber.swift */ = {isa = PBXFileReference; lastKnownFileType = sourcecode.swift; path = "CPTScatterPlot+Subscriber.swift"; sourceTree = "<group>"; };
		848DF5432440AF6E00444927 /* TimeframeButtonCollectionViewCell.swift */ = {isa = PBXFileReference; lastKnownFileType = sourcecode.swift; path = TimeframeButtonCollectionViewCell.swift; sourceTree = "<group>"; wrapsLines = 0; };
		849896D624648B7200128783 /* String+LocalizedError.swift */ = {isa = PBXFileReference; lastKnownFileType = sourcecode.swift; path = "String+LocalizedError.swift"; sourceTree = "<group>"; };
		84A6B48B2464710200441F9F /* AxisAdjustManager.swift */ = {isa = PBXFileReference; lastKnownFileType = sourcecode.swift; path = AxisAdjustManager.swift; sourceTree = "<group>"; };
		84AA856724770606000474DF /* Divideable.swift */ = {isa = PBXFileReference; lastKnownFileType = sourcecode.swift; path = Divideable.swift; sourceTree = "<group>"; };
		84AA856924770A63000474DF /* AxisValue.swift */ = {isa = PBXFileReference; lastKnownFileType = sourcecode.swift; path = AxisValue.swift; sourceTree = "<group>"; };
		84BEDA2924473F240030570A /* CurrencyRateViewModel.swift */ = {isa = PBXFileReference; lastKnownFileType = sourcecode.swift; path = CurrencyRateViewModel.swift; sourceTree = "<group>"; wrapsLines = 0; };
		84C23B392443674000C099B1 /* CurrencyInfoTableViewCell.swift */ = {isa = PBXFileReference; lastKnownFileType = sourcecode.swift; path = CurrencyInfoTableViewCell.swift; sourceTree = "<group>"; wrapsLines = 1; };
		84D1A5422435F7A8000C0B02 /* currenc.io.app */ = {isa = PBXFileReference; explicitFileType = wrapper.application; includeInIndex = 0; path = currenc.io.app; sourceTree = BUILT_PRODUCTS_DIR; };
		84D1A5452435F7A8000C0B02 /* AppDelegate.swift */ = {isa = PBXFileReference; lastKnownFileType = sourcecode.swift; path = AppDelegate.swift; sourceTree = "<group>"; };
		84D1A5472435F7A8000C0B02 /* SceneDelegate.swift */ = {isa = PBXFileReference; lastKnownFileType = sourcecode.swift; path = SceneDelegate.swift; sourceTree = "<group>"; };
		84D1A54E2435F7B1000C0B02 /* Assets.xcassets */ = {isa = PBXFileReference; lastKnownFileType = folder.assetcatalog; path = Assets.xcassets; sourceTree = "<group>"; };
		84D1A5512435F7B1000C0B02 /* Base */ = {isa = PBXFileReference; lastKnownFileType = file.storyboard; name = Base; path = Base.lproj/LaunchScreen.storyboard; sourceTree = "<group>"; };
		84D1A5532435F7B1000C0B02 /* Info.plist */ = {isa = PBXFileReference; lastKnownFileType = text.plist.xml; path = Info.plist; sourceTree = "<group>"; };
		84D1A56B243610AD000C0B02 /* CurrencyRateViewController.swift */ = {isa = PBXFileReference; lastKnownFileType = sourcecode.swift; path = CurrencyRateViewController.swift; sourceTree = "<group>"; wrapsLines = 1; };
		84EF2CBA245056400076B634 /* TimeframeOptionProtocol.swift */ = {isa = PBXFileReference; lastKnownFileType = sourcecode.swift; path = TimeframeOptionProtocol.swift; sourceTree = "<group>"; };
		84EF2CBE245072CA0076B634 /* CurrencyDataDownloader.swift */ = {isa = PBXFileReference; lastKnownFileType = sourcecode.swift; path = CurrencyDataDownloader.swift; sourceTree = "<group>"; wrapsLines = 1; };
		84F9877324374D05008A603D /* CurrencyRateCollectionViewCell.swift */ = {isa = PBXFileReference; lastKnownFileType = sourcecode.swift; path = CurrencyRateCollectionViewCell.swift; sourceTree = "<group>"; wrapsLines = 1; };
		84F9877624375116008A603D /* Setuppable.swift */ = {isa = PBXFileReference; lastKnownFileType = sourcecode.swift; path = Setuppable.swift; sourceTree = "<group>"; };
		84F9877A24378610008A603D /* UIColor+HexInit.swift */ = {isa = PBXFileReference; lastKnownFileType = sourcecode.swift; path = "UIColor+HexInit.swift"; sourceTree = "<group>"; };
		9F3A8C28DA21263A3A1A2844 /* Pods-currenc.io.release.xcconfig */ = {isa = PBXFileReference; includeInIndex = 1; lastKnownFileType = text.xcconfig; name = "Pods-currenc.io.release.xcconfig"; path = "Target Support Files/Pods-currenc.io/Pods-currenc.io.release.xcconfig"; sourceTree = "<group>"; };
		B6CCEB788CAB5A0D42712126 /* Pods-currenc.io.debug.xcconfig */ = {isa = PBXFileReference; includeInIndex = 1; lastKnownFileType = text.xcconfig; name = "Pods-currenc.io.debug.xcconfig"; path = "Target Support Files/Pods-currenc.io/Pods-currenc.io.debug.xcconfig"; sourceTree = "<group>"; };
/* End PBXFileReference section */

/* Begin PBXFrameworksBuildPhase section */
		84D1A53F2435F7A7000C0B02 /* Frameworks */ = {
			isa = PBXFrameworksBuildPhase;
			buildActionMask = 2147483647;
			files = (
				3C4CD542180ADF5801369FAD /* Pods_currenc_io.framework in Frameworks */,
			);
			runOnlyForDeploymentPostprocessing = 0;
		};
/* End PBXFrameworksBuildPhase section */

/* Begin PBXGroup section */
		1BF4CE6178F6FDD0FE88440D /* Pods */ = {
			isa = PBXGroup;
			children = (
				B6CCEB788CAB5A0D42712126 /* Pods-currenc.io.debug.xcconfig */,
				9F3A8C28DA21263A3A1A2844 /* Pods-currenc.io.release.xcconfig */,
			);
			path = Pods;
			sourceTree = "<group>";
		};
		393108C9D754DF2E4BB05135 /* Frameworks */ = {
			isa = PBXGroup;
			children = (
				23286FB123002FA6A2D5EDA1 /* Pods_currenc_io.framework */,
			);
			name = Frameworks;
			sourceTree = "<group>";
		};
		843AF09F24598BE400B60F63 /* Images */ = {
			isa = PBXGroup;
			children = (
				843AF0A024598C0000B60F63 /* Icons.xcassets */,
			);
			path = Images;
			sourceTree = "<group>";
		};
		84AA856B247A7761000474DF /* Axis Adjust Manager */ = {
			isa = PBXGroup;
			children = (
				84A6B48B2464710200441F9F /* AxisAdjustManager.swift */,
			);
			path = "Axis Adjust Manager";
			sourceTree = "<group>";
		};
		84D1A5392435F7A7000C0B02 = {
			isa = PBXGroup;
			children = (
				84D1A5442435F7A8000C0B02 /* currenc.io */,
				84D1A5432435F7A8000C0B02 /* Products */,
				1BF4CE6178F6FDD0FE88440D /* Pods */,
				393108C9D754DF2E4BB05135 /* Frameworks */,
			);
			sourceTree = "<group>";
		};
		84D1A5432435F7A8000C0B02 /* Products */ = {
			isa = PBXGroup;
			children = (
				84D1A5422435F7A8000C0B02 /* currenc.io.app */,
			);
			name = Products;
			sourceTree = "<group>";
		};
		84D1A5442435F7A8000C0B02 /* currenc.io */ = {
			isa = PBXGroup;
			children = (
				84AA856B247A7761000474DF /* Axis Adjust Manager */,
				84F98775243750D7008A603D /* Protocols */,
				84F98778243785FA008A603D /* Extensions */,
				84D1A56A24361095000C0B02 /* Models */,
				84D1A5692436108D000C0B02 /* Views */,
				84D1A56824361078000C0B02 /* View Models */,
				84D1A55A2435F82E000C0B02 /* System delegates */,
				843AF09F24598BE400B60F63 /* Images */,
				84D1A5592435F824000C0B02 /* Supporting files */,
			);
			path = currenc.io;
			sourceTree = "<group>";
		};
		84D1A5592435F824000C0B02 /* Supporting files */ = {
			isa = PBXGroup;
			children = (
				84D1A54E2435F7B1000C0B02 /* Assets.xcassets */,
				84D1A5502435F7B1000C0B02 /* LaunchScreen.storyboard */,
				84D1A5532435F7B1000C0B02 /* Info.plist */,
			);
			path = "Supporting files";
			sourceTree = "<group>";
		};
		84D1A55A2435F82E000C0B02 /* System delegates */ = {
			isa = PBXGroup;
			children = (
				84D1A5452435F7A8000C0B02 /* AppDelegate.swift */,
				84D1A5472435F7A8000C0B02 /* SceneDelegate.swift */,
			);
			path = "System delegates";
			sourceTree = "<group>";
		};
		84D1A56824361078000C0B02 /* View Models */ = {
			isa = PBXGroup;
			children = (
				84BEDA2924473F240030570A /* CurrencyRateViewModel.swift */,
				84EF2CBE245072CA0076B634 /* CurrencyDataDownloader.swift */,
			);
			path = "View Models";
			sourceTree = "<group>";
		};
		84D1A5692436108D000C0B02 /* Views */ = {
			isa = PBXGroup;
			children = (
				84D1A56B243610AD000C0B02 /* CurrencyRateViewController.swift */,
				84F9877224374CD7008A603D /* Cells */,
			);
			path = Views;
			sourceTree = "<group>";
		};
		84D1A56A24361095000C0B02 /* Models */ = {
			isa = PBXGroup;
			children = (
				847296AA24487F6F00D8F910 /* CandlestickDataModel.swift */,
			);
			path = Models;
			sourceTree = "<group>";
		};
		84F9877224374CD7008A603D /* Cells */ = {
			isa = PBXGroup;
			children = (
				84F9877324374D05008A603D /* CurrencyRateCollectionViewCell.swift */,
				848DF5432440AF6E00444927 /* TimeframeButtonCollectionViewCell.swift */,
				84C23B392443674000C099B1 /* CurrencyInfoTableViewCell.swift */,
			);
			path = Cells;
			sourceTree = "<group>";
		};
		84F98775243750D7008A603D /* Protocols */ = {
			isa = PBXGroup;
			children = (
				84F9877624375116008A603D /* Setuppable.swift */,
				84EF2CBA245056400076B634 /* TimeframeOptionProtocol.swift */,
				84AA856724770606000474DF /* Divideable.swift */,
				84AA856924770A63000474DF /* AxisValue.swift */,
			);
			path = Protocols;
			sourceTree = "<group>";
		};
		84F98778243785FA008A603D /* Extensions */ = {
			isa = PBXGroup;
			children = (
				847296AD2448992000D8F910 /* CPTScatterPlot+Subscriber.swift */,
				84F9877A24378610008A603D /* UIColor+HexInit.swift */,
				843AF0A7245B01C600B60F63 /* Double+DecimalValue.swift */,
				849896D624648B7200128783 /* String+LocalizedError.swift */,
			);
			path = Extensions;
			sourceTree = "<group>";
		};
/* End PBXGroup section */

/* Begin PBXNativeTarget section */
		84D1A5412435F7A7000C0B02 /* currenc.io */ = {
			isa = PBXNativeTarget;
			buildConfigurationList = 84D1A5562435F7B1000C0B02 /* Build configuration list for PBXNativeTarget "currenc.io" */;
			buildPhases = (
				2C8C2780505B7C8CA0CA0F85 /* [CP] Check Pods Manifest.lock */,
				84D1A53E2435F7A7000C0B02 /* Sources */,
				84D1A53F2435F7A7000C0B02 /* Frameworks */,
				84D1A5402435F7A7000C0B02 /* Resources */,
				41F08C8B686DE7E0EB8E89C2 /* [CP] Embed Pods Frameworks */,
			);
			buildRules = (
			);
			dependencies = (
			);
			name = currenc.io;
			productName = Stonks;
			productReference = 84D1A5422435F7A8000C0B02 /* currenc.io.app */;
			productType = "com.apple.product-type.application";
		};
/* End PBXNativeTarget section */

/* Begin PBXProject section */
		84D1A53A2435F7A7000C0B02 /* Project object */ = {
			isa = PBXProject;
			attributes = {
				LastSwiftUpdateCheck = 1140;
				LastUpgradeCheck = 1140;
				ORGANIZATIONNAME = "Ostap Tyvonovych";
				TargetAttributes = {
					84D1A5412435F7A7000C0B02 = {
						CreatedOnToolsVersion = 11.4;
					};
				};
			};
			buildConfigurationList = 84D1A53D2435F7A7000C0B02 /* Build configuration list for PBXProject "currenc.io" */;
			compatibilityVersion = "Xcode 9.3";
			developmentRegion = en;
			hasScannedForEncodings = 0;
			knownRegions = (
				en,
				Base,
			);
			mainGroup = 84D1A5392435F7A7000C0B02;
			productRefGroup = 84D1A5432435F7A8000C0B02 /* Products */;
			projectDirPath = "";
			projectRoot = "";
			targets = (
				84D1A5412435F7A7000C0B02 /* currenc.io */,
			);
		};
/* End PBXProject section */

/* Begin PBXResourcesBuildPhase section */
		84D1A5402435F7A7000C0B02 /* Resources */ = {
			isa = PBXResourcesBuildPhase;
			buildActionMask = 2147483647;
			files = (
				84D1A5522435F7B1000C0B02 /* LaunchScreen.storyboard in Resources */,
				843AF0A124598C0000B60F63 /* Icons.xcassets in Resources */,
				84D1A54F2435F7B1000C0B02 /* Assets.xcassets in Resources */,
			);
			runOnlyForDeploymentPostprocessing = 0;
		};
/* End PBXResourcesBuildPhase section */

/* Begin PBXShellScriptBuildPhase section */
		2C8C2780505B7C8CA0CA0F85 /* [CP] Check Pods Manifest.lock */ = {
			isa = PBXShellScriptBuildPhase;
			buildActionMask = 2147483647;
			files = (
			);
			inputFileListPaths = (
			);
			inputPaths = (
				"${PODS_PODFILE_DIR_PATH}/Podfile.lock",
				"${PODS_ROOT}/Manifest.lock",
			);
			name = "[CP] Check Pods Manifest.lock";
			outputFileListPaths = (
			);
			outputPaths = (
				"$(DERIVED_FILE_DIR)/Pods-currenc.io-checkManifestLockResult.txt",
			);
			runOnlyForDeploymentPostprocessing = 0;
			shellPath = /bin/sh;
			shellScript = "diff \"${PODS_PODFILE_DIR_PATH}/Podfile.lock\" \"${PODS_ROOT}/Manifest.lock\" > /dev/null\nif [ $? != 0 ] ; then\n    # print error to STDERR\n    echo \"error: The sandbox is not in sync with the Podfile.lock. Run 'pod install' or update your CocoaPods installation.\" >&2\n    exit 1\nfi\n# This output is used by Xcode 'outputs' to avoid re-running this script phase.\necho \"SUCCESS\" > \"${SCRIPT_OUTPUT_FILE_0}\"\n";
			showEnvVarsInLog = 0;
		};
		41F08C8B686DE7E0EB8E89C2 /* [CP] Embed Pods Frameworks */ = {
			isa = PBXShellScriptBuildPhase;
			buildActionMask = 2147483647;
			files = (
			);
			inputFileListPaths = (
				"${PODS_ROOT}/Target Support Files/Pods-currenc.io/Pods-currenc.io-frameworks-${CONFIGURATION}-input-files.xcfilelist",
			);
			name = "[CP] Embed Pods Frameworks";
			outputFileListPaths = (
				"${PODS_ROOT}/Target Support Files/Pods-currenc.io/Pods-currenc.io-frameworks-${CONFIGURATION}-output-files.xcfilelist",
			);
			runOnlyForDeploymentPostprocessing = 0;
			shellPath = /bin/sh;
			shellScript = "\"${PODS_ROOT}/Target Support Files/Pods-currenc.io/Pods-currenc.io-frameworks.sh\"\n";
			showEnvVarsInLog = 0;
		};
/* End PBXShellScriptBuildPhase section */

/* Begin PBXSourcesBuildPhase section */
		84D1A53E2435F7A7000C0B02 /* Sources */ = {
			isa = PBXSourcesBuildPhase;
			buildActionMask = 2147483647;
			files = (
				84F9877724375116008A603D /* Setuppable.swift in Sources */,
				84EF2CBF245072CA0076B634 /* CurrencyDataDownloader.swift in Sources */,
				847296AB24487F6F00D8F910 /* CandlestickDataModel.swift in Sources */,
				84D1A5462435F7A8000C0B02 /* AppDelegate.swift in Sources */,
				84F9877424374D05008A603D /* CurrencyRateCollectionViewCell.swift in Sources */,
				84D1A56C243610AD000C0B02 /* CurrencyRateViewController.swift in Sources */,
				849896D724648B7200128783 /* String+LocalizedError.swift in Sources */,
				84AA856A24770A63000474DF /* AxisValue.swift in Sources */,
				84C23B3A2443674000C099B1 /* CurrencyInfoTableViewCell.swift in Sources */,
				847296AE2448992000D8F910 /* CPTScatterPlot+Subscriber.swift in Sources */,
				84AA856824770606000474DF /* Divideable.swift in Sources */,
				84D1A5482435F7A8000C0B02 /* SceneDelegate.swift in Sources */,
				843AF0A8245B01C600B60F63 /* Double+DecimalValue.swift in Sources */,
				84F9877B24378610008A603D /* UIColor+HexInit.swift in Sources */,
				84EF2CBB245056400076B634 /* TimeframeOptionProtocol.swift in Sources */,
				84A6B48C2464710200441F9F /* AxisAdjustManager.swift in Sources */,
				848DF5442440AF6E00444927 /* TimeframeButtonCollectionViewCell.swift in Sources */,
				84BEDA2A24473F240030570A /* CurrencyRateViewModel.swift in Sources */,
			);
			runOnlyForDeploymentPostprocessing = 0;
		};
/* End PBXSourcesBuildPhase section */

/* Begin PBXVariantGroup section */
		84D1A5502435F7B1000C0B02 /* LaunchScreen.storyboard */ = {
			isa = PBXVariantGroup;
			children = (
				84D1A5512435F7B1000C0B02 /* Base */,
			);
			name = LaunchScreen.storyboard;
			sourceTree = "<group>";
		};
/* End PBXVariantGroup section */

/* Begin XCBuildConfiguration section */
		84D1A5542435F7B1000C0B02 /* Debug */ = {
			isa = XCBuildConfiguration;
			buildSettings = {
				ALWAYS_SEARCH_USER_PATHS = NO;
				CLANG_ANALYZER_NONNULL = YES;
				CLANG_ANALYZER_NUMBER_OBJECT_CONVERSION = YES_AGGRESSIVE;
				CLANG_CXX_LANGUAGE_STANDARD = "gnu++14";
				CLANG_CXX_LIBRARY = "libc++";
				CLANG_ENABLE_MODULES = YES;
				CLANG_ENABLE_OBJC_ARC = YES;
				CLANG_ENABLE_OBJC_WEAK = YES;
				CLANG_WARN_BLOCK_CAPTURE_AUTORELEASING = YES;
				CLANG_WARN_BOOL_CONVERSION = YES;
				CLANG_WARN_COMMA = YES;
				CLANG_WARN_CONSTANT_CONVERSION = YES;
				CLANG_WARN_DEPRECATED_OBJC_IMPLEMENTATIONS = YES;
				CLANG_WARN_DIRECT_OBJC_ISA_USAGE = YES_ERROR;
				CLANG_WARN_DOCUMENTATION_COMMENTS = YES;
				CLANG_WARN_EMPTY_BODY = YES;
				CLANG_WARN_ENUM_CONVERSION = YES;
				CLANG_WARN_INFINITE_RECURSION = YES;
				CLANG_WARN_INT_CONVERSION = YES;
				CLANG_WARN_NON_LITERAL_NULL_CONVERSION = YES;
				CLANG_WARN_OBJC_IMPLICIT_RETAIN_SELF = YES;
				CLANG_WARN_OBJC_LITERAL_CONVERSION = YES;
				CLANG_WARN_OBJC_ROOT_CLASS = YES_ERROR;
				CLANG_WARN_RANGE_LOOP_ANALYSIS = YES;
				CLANG_WARN_STRICT_PROTOTYPES = YES;
				CLANG_WARN_SUSPICIOUS_MOVE = YES;
				CLANG_WARN_UNGUARDED_AVAILABILITY = YES_AGGRESSIVE;
				CLANG_WARN_UNREACHABLE_CODE = YES;
				CLANG_WARN__DUPLICATE_METHOD_MATCH = YES;
				COPY_PHASE_STRIP = NO;
				DEBUG_INFORMATION_FORMAT = dwarf;
				ENABLE_STRICT_OBJC_MSGSEND = YES;
				ENABLE_TESTABILITY = YES;
				GCC_C_LANGUAGE_STANDARD = gnu11;
				GCC_DYNAMIC_NO_PIC = NO;
				GCC_NO_COMMON_BLOCKS = YES;
				GCC_OPTIMIZATION_LEVEL = 0;
				GCC_PREPROCESSOR_DEFINITIONS = (
					"DEBUG=1",
					"$(inherited)",
				);
				GCC_WARN_64_TO_32_BIT_CONVERSION = YES;
				GCC_WARN_ABOUT_RETURN_TYPE = YES_ERROR;
				GCC_WARN_UNDECLARED_SELECTOR = YES;
				GCC_WARN_UNINITIALIZED_AUTOS = YES_AGGRESSIVE;
				GCC_WARN_UNUSED_FUNCTION = YES;
				GCC_WARN_UNUSED_VARIABLE = YES;
				IPHONEOS_DEPLOYMENT_TARGET = 13.4;
				MTL_ENABLE_DEBUG_INFO = INCLUDE_SOURCE;
				MTL_FAST_MATH = YES;
				ONLY_ACTIVE_ARCH = YES;
				SDKROOT = iphoneos;
				SWIFT_ACTIVE_COMPILATION_CONDITIONS = DEBUG;
				SWIFT_OPTIMIZATION_LEVEL = "-Onone";
			};
			name = Debug;
		};
		84D1A5552435F7B1000C0B02 /* Release */ = {
			isa = XCBuildConfiguration;
			buildSettings = {
				ALWAYS_SEARCH_USER_PATHS = NO;
				CLANG_ANALYZER_NONNULL = YES;
				CLANG_ANALYZER_NUMBER_OBJECT_CONVERSION = YES_AGGRESSIVE;
				CLANG_CXX_LANGUAGE_STANDARD = "gnu++14";
				CLANG_CXX_LIBRARY = "libc++";
				CLANG_ENABLE_MODULES = YES;
				CLANG_ENABLE_OBJC_ARC = YES;
				CLANG_ENABLE_OBJC_WEAK = YES;
				CLANG_WARN_BLOCK_CAPTURE_AUTORELEASING = YES;
				CLANG_WARN_BOOL_CONVERSION = YES;
				CLANG_WARN_COMMA = YES;
				CLANG_WARN_CONSTANT_CONVERSION = YES;
				CLANG_WARN_DEPRECATED_OBJC_IMPLEMENTATIONS = YES;
				CLANG_WARN_DIRECT_OBJC_ISA_USAGE = YES_ERROR;
				CLANG_WARN_DOCUMENTATION_COMMENTS = YES;
				CLANG_WARN_EMPTY_BODY = YES;
				CLANG_WARN_ENUM_CONVERSION = YES;
				CLANG_WARN_INFINITE_RECURSION = YES;
				CLANG_WARN_INT_CONVERSION = YES;
				CLANG_WARN_NON_LITERAL_NULL_CONVERSION = YES;
				CLANG_WARN_OBJC_IMPLICIT_RETAIN_SELF = YES;
				CLANG_WARN_OBJC_LITERAL_CONVERSION = YES;
				CLANG_WARN_OBJC_ROOT_CLASS = YES_ERROR;
				CLANG_WARN_RANGE_LOOP_ANALYSIS = YES;
				CLANG_WARN_STRICT_PROTOTYPES = YES;
				CLANG_WARN_SUSPICIOUS_MOVE = YES;
				CLANG_WARN_UNGUARDED_AVAILABILITY = YES_AGGRESSIVE;
				CLANG_WARN_UNREACHABLE_CODE = YES;
				CLANG_WARN__DUPLICATE_METHOD_MATCH = YES;
				COPY_PHASE_STRIP = NO;
				DEBUG_INFORMATION_FORMAT = "dwarf-with-dsym";
				ENABLE_NS_ASSERTIONS = NO;
				ENABLE_STRICT_OBJC_MSGSEND = YES;
				GCC_C_LANGUAGE_STANDARD = gnu11;
				GCC_NO_COMMON_BLOCKS = YES;
				GCC_WARN_64_TO_32_BIT_CONVERSION = YES;
				GCC_WARN_ABOUT_RETURN_TYPE = YES_ERROR;
				GCC_WARN_UNDECLARED_SELECTOR = YES;
				GCC_WARN_UNINITIALIZED_AUTOS = YES_AGGRESSIVE;
				GCC_WARN_UNUSED_FUNCTION = YES;
				GCC_WARN_UNUSED_VARIABLE = YES;
				IPHONEOS_DEPLOYMENT_TARGET = 13.4;
				MTL_ENABLE_DEBUG_INFO = NO;
				MTL_FAST_MATH = YES;
				SDKROOT = iphoneos;
				SWIFT_COMPILATION_MODE = wholemodule;
				SWIFT_OPTIMIZATION_LEVEL = "-O";
				VALIDATE_PRODUCT = YES;
			};
			name = Release;
		};
		84D1A5572435F7B1000C0B02 /* Debug */ = {
			isa = XCBuildConfiguration;
			baseConfigurationReference = B6CCEB788CAB5A0D42712126 /* Pods-currenc.io.debug.xcconfig */;
			buildSettings = {
				ASSETCATALOG_COMPILER_APPICON_NAME = AppIcon;
				CODE_SIGN_STYLE = Automatic;
				DEVELOPMENT_TEAM = ALC5B8K55X;
				INFOPLIST_FILE = "currenc.io/Supporting files/Info.plist";
				IPHONEOS_DEPLOYMENT_TARGET = 13.0;
				LD_RUNPATH_SEARCH_PATHS = (
					"$(inherited)",
					"@executable_path/Frameworks",
				);
				PRODUCT_BUNDLE_IDENTIFIER = "OstapTyvonovych.currenc-io";
				PRODUCT_NAME = "$(TARGET_NAME)";
				SWIFT_VERSION = 5.0;
				TARGETED_DEVICE_FAMILY = "1,2";
			};
			name = Debug;
		};
		84D1A5582435F7B1000C0B02 /* Release */ = {
			isa = XCBuildConfiguration;
			baseConfigurationReference = 9F3A8C28DA21263A3A1A2844 /* Pods-currenc.io.release.xcconfig */;
			buildSettings = {
				ASSETCATALOG_COMPILER_APPICON_NAME = AppIcon;
				CODE_SIGN_STYLE = Automatic;
				DEVELOPMENT_TEAM = ALC5B8K55X;
				INFOPLIST_FILE = "currenc.io/Supporting files/Info.plist";
				IPHONEOS_DEPLOYMENT_TARGET = 13.0;
				LD_RUNPATH_SEARCH_PATHS = (
					"$(inherited)",
					"@executable_path/Frameworks",
				);
				PRODUCT_BUNDLE_IDENTIFIER = "OstapTyvonovych.currenc-io";
				PRODUCT_NAME = "$(TARGET_NAME)";
				SWIFT_VERSION = 5.0;
				TARGETED_DEVICE_FAMILY = "1,2";
			};
			name = Release;
		};
/* End XCBuildConfiguration section */

/* Begin XCConfigurationList section */
		84D1A53D2435F7A7000C0B02 /* Build configuration list for PBXProject "currenc.io" */ = {
			isa = XCConfigurationList;
			buildConfigurations = (
				84D1A5542435F7B1000C0B02 /* Debug */,
				84D1A5552435F7B1000C0B02 /* Release */,
			);
			defaultConfigurationIsVisible = 0;
			defaultConfigurationName = Release;
		};
		84D1A5562435F7B1000C0B02 /* Build configuration list for PBXNativeTarget "currenc.io" */ = {
			isa = XCConfigurationList;
			buildConfigurations = (
				84D1A5572435F7B1000C0B02 /* Debug */,
				84D1A5582435F7B1000C0B02 /* Release */,
			);
			defaultConfigurationIsVisible = 0;
			defaultConfigurationName = Release;
		};
/* End XCConfigurationList section */
	};
	rootObject = 84D1A53A2435F7A7000C0B02 /* Project object */;
}
